{
    "name": "sleep-test",
    "version": "1.0.0",
    "lockfileVersion": 3,
    "requires": true,
    "packages": {
        "": {
            "name": "sleep-test",
            "version": "1.0.0",
            "license": "MIT",
            "dependencies": {
                "@minecraft/server": "1.7.0"
            },
            "devDependencies": {
                "typescript": "5.1.3"
            }
        },
        "node_modules/@minecraft/common": {
            "version": "1.1.0",
            "resolved": "https://registry.npmjs.org/@minecraft/common/-/common-1.1.0.tgz",
            "integrity": "sha512-stbUtINCXbcLNRlGNVX68xRC6ZYq3k3CYmfptwrCcPBEUjVOpVkSj3H4Y0qiSYB+1rVWv7DgiP7Uf9++50Ne5g=="
        },
        "node_modules/@minecraft/server": {
            "version": "1.7.0",
            "resolved": "https://registry.npmjs.org/@minecraft/server/-/server-1.7.0.tgz",
            "integrity": "sha512-4q9N3vdLZMAUxPo//bovimPbPLuPbHbQC507ZB2h++dqOGWUGnCcTXTNRg2zkBwMonAzWHONkUsVr5tsi9BHcg==",
            "dependencies": {
                "@minecraft/common": "^1.1.0"
            }
        },
        "node_modules/typescript": {
            "version": "5.1.3",
            "resolved": "https://registry.npmjs.org/typescript/-/typescript-5.1.3.tgz",
            "integrity": "sha512-XH627E9vkeqhlZFQuL+UsyAXEnibT0kWR2FWONlr4sTjvxyJYnyefgrkyECLzM5NenmKzRAy2rR/OlYLA1HkZw==",
            "dev": true,
            "bin": {
                "tsc": "bin/tsc",
                "tsserver": "bin/tsserver"
            },
            "engines": {
                "node": ">=14.17"
            }
        }
    }
}
